// !$*UTF8*$!
{
	archiveVersion = 1;
	classes = {
	};
	objectVersion = 56;
	objects = {

/* Begin PBXBuildFile section */
		A3042BB12CB802100012E684 /* AppDelegate.swift in Sources */ = {isa = PBXBuildFile; fileRef = A3042BB02CB802100012E684 /* AppDelegate.swift */; };
		A3042BB32CB802100012E684 /* SceneDelegate.swift in Sources */ = {isa = PBXBuildFile; fileRef = A3042BB22CB802100012E684 /* SceneDelegate.swift */; };
		A3042BB82CB802100012E684 /* Base in Resources */ = {isa = PBXBuildFile; fileRef = A3042BB72CB802100012E684 /* Base */; };
		A3042BBA2CB802150012E684 /* Assets.xcassets in Resources */ = {isa = PBXBuildFile; fileRef = A3042BB92CB802150012E684 /* Assets.xcassets */; };
		A3042BBD2CB802150012E684 /* Base in Resources */ = {isa = PBXBuildFile; fileRef = A3042BBC2CB802150012E684 /* Base */; };
		A3042BCE2CB80CD80012E684 /* SnapKit in Frameworks */ = {isa = PBXBuildFile; productRef = A3042BCD2CB80CD80012E684 /* SnapKit */; };
		A3042BD12CB80CDF0012E684 /* Then in Frameworks */ = {isa = PBXBuildFile; productRef = A3042BD02CB80CDF0012E684 /* Then */; };
		A35A68A82CD0E96D00F955A2 /* FinanceAdCollectionViewCell.swift in Sources */ = {isa = PBXBuildFile; fileRef = A35A68A72CD0E96D00F955A2 /* FinanceAdCollectionViewCell.swift */; };
		A35A68AA2CD0F16900F955A2 /* FinanceAdModel.swift in Sources */ = {isa = PBXBuildFile; fileRef = A35A68A92CD0F16900F955A2 /* FinanceAdModel.swift */; };
		A35A68AE2CD1182800F955A2 /* FinanceCompositionalFactory.swift in Sources */ = {isa = PBXBuildFile; fileRef = A35A68AD2CD1182800F955A2 /* FinanceCompositionalFactory.swift */; };
		A35A68B02CD11B7900F955A2 /* FinanceAppView.swift in Sources */ = {isa = PBXBuildFile; fileRef = A35A68AF2CD11B7900F955A2 /* FinanceAppView.swift */; };
		A35A68B22CD1484500F955A2 /* FinanceEssentialCollectionViewCell.swift in Sources */ = {isa = PBXBuildFile; fileRef = A35A68B12CD1484500F955A2 /* FinanceEssentialCollectionViewCell.swift */; };
		A35A68B42CD14B4600F955A2 /* FinanceEssentialModel.swift in Sources */ = {isa = PBXBuildFile; fileRef = A35A68B32CD14B4600F955A2 /* FinanceEssentialModel.swift */; };
		A35A68B62CD14EB300F955A2 /* FinanceAdHeaderView.swift in Sources */ = {isa = PBXBuildFile; fileRef = A35A68B52CD14EB300F955A2 /* FinanceAdHeaderView.swift */; };
		A35A68B82CD1549E00F955A2 /* UIStackView+.swift in Sources */ = {isa = PBXBuildFile; fileRef = A35A68B72CD1549E00F955A2 /* UIStackView+.swift */; };
		A35A68BA2CD16EFD00F955A2 /* FinancePaidModel.swift in Sources */ = {isa = PBXBuildFile; fileRef = A35A68B92CD16EFD00F955A2 /* FinancePaidModel.swift */; };
		A35A68BC2CD1702400F955A2 /* FinancePaidCollectionViewCell.swift in Sources */ = {isa = PBXBuildFile; fileRef = A35A68BB2CD1702400F955A2 /* FinancePaidCollectionViewCell.swift */; };
		A35A68BE2CD173BF00F955A2 /* FinanceFreeModel.swift in Sources */ = {isa = PBXBuildFile; fileRef = A35A68BD2CD173BF00F955A2 /* FinanceFreeModel.swift */; };
		A35A68C02CD174FF00F955A2 /* FinanceFreeCollectionViewCell.swift in Sources */ = {isa = PBXBuildFile; fileRef = A35A68BF2CD174FF00F955A2 /* FinanceFreeCollectionViewCell.swift */; };
		A35A68C72CD1FDB200F955A2 /* FinanceDefaultHeaderView.swift in Sources */ = {isa = PBXBuildFile; fileRef = A35A68C62CD1FDB200F955A2 /* FinanceDefaultHeaderView.swift */; };
		A370503F2CD20B2300C8E163 /* DownloadState.swift in Sources */ = {isa = PBXBuildFile; fileRef = A370503E2CD20B2300C8E163 /* DownloadState.swift */; };
		A37050412CD20FC700C8E163 /* FinancePopularChartViewController.swift in Sources */ = {isa = PBXBuildFile; fileRef = A37050402CD20FC700C8E163 /* FinancePopularChartViewController.swift */; };
		A37050432CD215A100C8E163 /* FinancePopularChartView.swift in Sources */ = {isa = PBXBuildFile; fileRef = A37050422CD215A100C8E163 /* FinancePopularChartView.swift */; };
		A37050452CD21A2D00C8E163 /* FinancePopularChartTableViewCell.swift in Sources */ = {isa = PBXBuildFile; fileRef = A37050442CD21A2D00C8E163 /* FinancePopularChartTableViewCell.swift */; };
		A37050472CD21C6300C8E163 /* FinancePopularModel.swift in Sources */ = {isa = PBXBuildFile; fileRef = A37050462CD21C6300C8E163 /* FinancePopularModel.swift */; };
		A3730AFD2CD070CF0075016D /* MainTabBarController.swift in Sources */ = {isa = PBXBuildFile; fileRef = A3730AFC2CD070CF0075016D /* MainTabBarController.swift */; };
		A3730AFF2CD0810F0075016D /* AppViewController.swift in Sources */ = {isa = PBXBuildFile; fileRef = A3730AFE2CD0810F0075016D /* AppViewController.swift */; };
		A3730B012CD085A00075016D /* TodayViewController.swift in Sources */ = {isa = PBXBuildFile; fileRef = A3730B002CD085A00075016D /* TodayViewController.swift */; };
		A3730B032CD085E90075016D /* GameViewController.swift in Sources */ = {isa = PBXBuildFile; fileRef = A3730B022CD085E90075016D /* GameViewController.swift */; };
		A3730B052CD086090075016D /* ArcadeViewController.swift in Sources */ = {isa = PBXBuildFile; fileRef = A3730B042CD086090075016D /* ArcadeViewController.swift */; };
		A3730B072CD086230075016D /* SearchViewController.swift in Sources */ = {isa = PBXBuildFile; fileRef = A3730B062CD086230075016D /* SearchViewController.swift */; };
		A3730B0E2CD08E9C0075016D /* UIView+.swift in Sources */ = {isa = PBXBuildFile; fileRef = A3730B0D2CD08E9C0075016D /* UIView+.swift */; };
		A3730B102CD08F480075016D /* FinanceAppViewController.swift in Sources */ = {isa = PBXBuildFile; fileRef = A3730B0F2CD08F480075016D /* FinanceAppViewController.swift */; };
		A3E82F592CD5F1260070DDC8 /* Alamofire in Frameworks */ = {isa = PBXBuildFile; productRef = A3E82F582CD5F1260070DDC8 /* Alamofire */; };
		A3E82F5D2CD5F3930070DDC8 /* Environment.swift in Sources */ = {isa = PBXBuildFile; fileRef = A3E82F5C2CD5F3930070DDC8 /* Environment.swift */; };
		A3E82F5F2CD5F3D20070DDC8 /* NetworkError.swift in Sources */ = {isa = PBXBuildFile; fileRef = A3E82F5E2CD5F3D20070DDC8 /* NetworkError.swift */; };
		A3E82F622CD5F9730070DDC8 /* UserRegisterRequest.swift in Sources */ = {isa = PBXBuildFile; fileRef = A3E82F612CD5F9730070DDC8 /* UserRegisterRequest.swift */; };
		A3E82F652CD5FA160070DDC8 /* UserRegisterService.swift in Sources */ = {isa = PBXBuildFile; fileRef = A3E82F642CD5FA160070DDC8 /* UserRegisterService.swift */; };
		A3E82F682CD5FC3E0070DDC8 /* UserLoginRequest.swift in Sources */ = {isa = PBXBuildFile; fileRef = A3E82F672CD5FC3E0070DDC8 /* UserLoginRequest.swift */; };
		A3E82F6C2CD5FF650070DDC8 /* UserLoginService.swift in Sources */ = {isa = PBXBuildFile; fileRef = A3E82F6B2CD5FF650070DDC8 /* UserLoginService.swift */; };
/* End PBXBuildFile section */

/* Begin PBXFileReference section */
		A3042BAD2CB802100012E684 /* 35th-Sopt-Seminar.app */ = {isa = PBXFileReference; explicitFileType = wrapper.application; includeInIndex = 0; path = "35th-Sopt-Seminar.app"; sourceTree = BUILT_PRODUCTS_DIR; };
		A3042BB02CB802100012E684 /* AppDelegate.swift */ = {isa = PBXFileReference; lastKnownFileType = sourcecode.swift; path = AppDelegate.swift; sourceTree = "<group>"; };
		A3042BB22CB802100012E684 /* SceneDelegate.swift */ = {isa = PBXFileReference; lastKnownFileType = sourcecode.swift; path = SceneDelegate.swift; sourceTree = "<group>"; };
		A3042BB72CB802100012E684 /* Base */ = {isa = PBXFileReference; lastKnownFileType = file.storyboard; name = Base; path = Base.lproj/Main.storyboard; sourceTree = "<group>"; };
		A3042BB92CB802150012E684 /* Assets.xcassets */ = {isa = PBXFileReference; lastKnownFileType = folder.assetcatalog; path = Assets.xcassets; sourceTree = "<group>"; };
		A3042BBC2CB802150012E684 /* Base */ = {isa = PBXFileReference; lastKnownFileType = file.storyboard; name = Base; path = Base.lproj/LaunchScreen.storyboard; sourceTree = "<group>"; };
		A3042BBE2CB802150012E684 /* Info.plist */ = {isa = PBXFileReference; lastKnownFileType = text.plist.xml; path = Info.plist; sourceTree = "<group>"; };
		A35A68A72CD0E96D00F955A2 /* FinanceAdCollectionViewCell.swift */ = {isa = PBXFileReference; lastKnownFileType = sourcecode.swift; path = FinanceAdCollectionViewCell.swift; sourceTree = "<group>"; };
		A35A68A92CD0F16900F955A2 /* FinanceAdModel.swift */ = {isa = PBXFileReference; lastKnownFileType = sourcecode.swift; path = FinanceAdModel.swift; sourceTree = "<group>"; };
		A35A68AD2CD1182800F955A2 /* FinanceCompositionalFactory.swift */ = {isa = PBXFileReference; lastKnownFileType = sourcecode.swift; path = FinanceCompositionalFactory.swift; sourceTree = "<group>"; };
		A35A68AF2CD11B7900F955A2 /* FinanceAppView.swift */ = {isa = PBXFileReference; lastKnownFileType = sourcecode.swift; path = FinanceAppView.swift; sourceTree = "<group>"; };
		A35A68B12CD1484500F955A2 /* FinanceEssentialCollectionViewCell.swift */ = {isa = PBXFileReference; lastKnownFileType = sourcecode.swift; path = FinanceEssentialCollectionViewCell.swift; sourceTree = "<group>"; };
		A35A68B32CD14B4600F955A2 /* FinanceEssentialModel.swift */ = {isa = PBXFileReference; lastKnownFileType = sourcecode.swift; path = FinanceEssentialModel.swift; sourceTree = "<group>"; };
		A35A68B52CD14EB300F955A2 /* FinanceAdHeaderView.swift */ = {isa = PBXFileReference; lastKnownFileType = sourcecode.swift; path = FinanceAdHeaderView.swift; sourceTree = "<group>"; };
		A35A68B72CD1549E00F955A2 /* UIStackView+.swift */ = {isa = PBXFileReference; lastKnownFileType = sourcecode.swift; path = "UIStackView+.swift"; sourceTree = "<group>"; };
		A35A68B92CD16EFD00F955A2 /* FinancePaidModel.swift */ = {isa = PBXFileReference; lastKnownFileType = sourcecode.swift; path = FinancePaidModel.swift; sourceTree = "<group>"; };
		A35A68BB2CD1702400F955A2 /* FinancePaidCollectionViewCell.swift */ = {isa = PBXFileReference; lastKnownFileType = sourcecode.swift; path = FinancePaidCollectionViewCell.swift; sourceTree = "<group>"; };
		A35A68BD2CD173BF00F955A2 /* FinanceFreeModel.swift */ = {isa = PBXFileReference; lastKnownFileType = sourcecode.swift; path = FinanceFreeModel.swift; sourceTree = "<group>"; };
		A35A68BF2CD174FF00F955A2 /* FinanceFreeCollectionViewCell.swift */ = {isa = PBXFileReference; lastKnownFileType = sourcecode.swift; path = FinanceFreeCollectionViewCell.swift; sourceTree = "<group>"; };
		A35A68C62CD1FDB200F955A2 /* FinanceDefaultHeaderView.swift */ = {isa = PBXFileReference; lastKnownFileType = sourcecode.swift; path = FinanceDefaultHeaderView.swift; sourceTree = "<group>"; };
		A370503E2CD20B2300C8E163 /* DownloadState.swift */ = {isa = PBXFileReference; lastKnownFileType = sourcecode.swift; path = DownloadState.swift; sourceTree = "<group>"; };
		A37050402CD20FC700C8E163 /* FinancePopularChartViewController.swift */ = {isa = PBXFileReference; lastKnownFileType = sourcecode.swift; path = FinancePopularChartViewController.swift; sourceTree = "<group>"; };
		A37050422CD215A100C8E163 /* FinancePopularChartView.swift */ = {isa = PBXFileReference; lastKnownFileType = sourcecode.swift; path = FinancePopularChartView.swift; sourceTree = "<group>"; };
		A37050442CD21A2D00C8E163 /* FinancePopularChartTableViewCell.swift */ = {isa = PBXFileReference; lastKnownFileType = sourcecode.swift; path = FinancePopularChartTableViewCell.swift; sourceTree = "<group>"; };
		A37050462CD21C6300C8E163 /* FinancePopularModel.swift */ = {isa = PBXFileReference; lastKnownFileType = sourcecode.swift; path = FinancePopularModel.swift; sourceTree = "<group>"; };
		A3730AFC2CD070CF0075016D /* MainTabBarController.swift */ = {isa = PBXFileReference; lastKnownFileType = sourcecode.swift; path = MainTabBarController.swift; sourceTree = "<group>"; };
		A3730AFE2CD0810F0075016D /* AppViewController.swift */ = {isa = PBXFileReference; lastKnownFileType = sourcecode.swift; path = AppViewController.swift; sourceTree = "<group>"; };
		A3730B002CD085A00075016D /* TodayViewController.swift */ = {isa = PBXFileReference; lastKnownFileType = sourcecode.swift; path = TodayViewController.swift; sourceTree = "<group>"; };
		A3730B022CD085E90075016D /* GameViewController.swift */ = {isa = PBXFileReference; lastKnownFileType = sourcecode.swift; path = GameViewController.swift; sourceTree = "<group>"; };
		A3730B042CD086090075016D /* ArcadeViewController.swift */ = {isa = PBXFileReference; lastKnownFileType = sourcecode.swift; path = ArcadeViewController.swift; sourceTree = "<group>"; };
		A3730B062CD086230075016D /* SearchViewController.swift */ = {isa = PBXFileReference; lastKnownFileType = sourcecode.swift; path = SearchViewController.swift; sourceTree = "<group>"; };
		A3730B0D2CD08E9C0075016D /* UIView+.swift */ = {isa = PBXFileReference; lastKnownFileType = sourcecode.swift; name = "UIView+.swift"; path = "35th-Sopt-Seminar/Resource/Extension/UIView+.swift"; sourceTree = SOURCE_ROOT; };
		A3730B0F2CD08F480075016D /* FinanceAppViewController.swift */ = {isa = PBXFileReference; lastKnownFileType = sourcecode.swift; path = FinanceAppViewController.swift; sourceTree = "<group>"; };
		A3E82F5B2CD5F2780070DDC8 /* Config.xcconfig */ = {isa = PBXFileReference; lastKnownFileType = text.xcconfig; path = Config.xcconfig; sourceTree = "<group>"; };
		A3E82F5C2CD5F3930070DDC8 /* Environment.swift */ = {isa = PBXFileReference; lastKnownFileType = sourcecode.swift; path = Environment.swift; sourceTree = "<group>"; };
		A3E82F5E2CD5F3D20070DDC8 /* NetworkError.swift */ = {isa = PBXFileReference; lastKnownFileType = sourcecode.swift; path = NetworkError.swift; sourceTree = "<group>"; };
		A3E82F612CD5F9730070DDC8 /* UserRegisterRequest.swift */ = {isa = PBXFileReference; lastKnownFileType = sourcecode.swift; path = UserRegisterRequest.swift; sourceTree = "<group>"; };
		A3E82F642CD5FA160070DDC8 /* UserRegisterService.swift */ = {isa = PBXFileReference; lastKnownFileType = sourcecode.swift; path = UserRegisterService.swift; sourceTree = "<group>"; };
		A3E82F672CD5FC3E0070DDC8 /* UserLoginRequest.swift */ = {isa = PBXFileReference; lastKnownFileType = sourcecode.swift; path = UserLoginRequest.swift; sourceTree = "<group>"; };
		A3E82F6B2CD5FF650070DDC8 /* UserLoginService.swift */ = {isa = PBXFileReference; lastKnownFileType = sourcecode.swift; path = UserLoginService.swift; sourceTree = "<group>"; };
/* End PBXFileReference section */

/* Begin PBXFrameworksBuildPhase section */
		A3042BAA2CB802100012E684 /* Frameworks */ = {
			isa = PBXFrameworksBuildPhase;
			buildActionMask = 2147483647;
			files = (
				A3E82F592CD5F1260070DDC8 /* Alamofire in Frameworks */,
				A3042BCE2CB80CD80012E684 /* SnapKit in Frameworks */,
				A3042BD12CB80CDF0012E684 /* Then in Frameworks */,
			);
			runOnlyForDeploymentPostprocessing = 0;
		};
/* End PBXFrameworksBuildPhase section */

/* Begin PBXGroup section */
		A3042BA42CB8020F0012E684 = {
			isa = PBXGroup;
			children = (
				A3042BAF2CB802100012E684 /* 35th-Sopt-Seminar */,
				A3042BAE2CB802100012E684 /* Products */,
			);
			sourceTree = "<group>";
		};
		A3042BAE2CB802100012E684 /* Products */ = {
			isa = PBXGroup;
			children = (
				A3042BAD2CB802100012E684 /* 35th-Sopt-Seminar.app */,
			);
			name = Products;
			sourceTree = "<group>";
		};
		A3042BAF2CB802100012E684 /* 35th-Sopt-Seminar */ = {
			isa = PBXGroup;
			children = (
				A3730B0A2CD089F50075016D /* Resource */,
				A3730B082CD089CC0075016D /* Application */,
				A3730B0B2CD08A500075016D /* Presentation */,
				A3E82F5A2CD5F1350070DDC8 /* Network */,
			);
			path = "35th-Sopt-Seminar";
			sourceTree = "<group>";
		};
		A35A68A52CD0BBC200F955A2 /* Menu */ = {
			isa = PBXGroup;
			children = (
				A3730B002CD085A00075016D /* TodayViewController.swift */,
				A3730B022CD085E90075016D /* GameViewController.swift */,
				A3730AFE2CD0810F0075016D /* AppViewController.swift */,
				A3730B042CD086090075016D /* ArcadeViewController.swift */,
				A3730B062CD086230075016D /* SearchViewController.swift */,
			);
			path = Menu;
			sourceTree = "<group>";
		};
		A35A68C12CD1776200F955A2 /* Core */ = {
			isa = PBXGroup;
			children = (
				A3730AFC2CD070CF0075016D /* MainTabBarController.swift */,
			);
			path = Core;
			sourceTree = "<group>";
		};
		A35A68C22CD1776F00F955A2 /* Finance */ = {
			isa = PBXGroup;
			children = (
				A35A68C42CD1778600F955A2 /* ViewController */,
				A35A68C32CD1778000F955A2 /* View */,
				A35A68C52CD1778D00F955A2 /* Model */,
				A35A68AD2CD1182800F955A2 /* FinanceCompositionalFactory.swift */,
			);
			path = Finance;
			sourceTree = "<group>";
		};
		A35A68C32CD1778000F955A2 /* View */ = {
			isa = PBXGroup;
			children = (
				A35A68AF2CD11B7900F955A2 /* FinanceAppView.swift */,
				A37050422CD215A100C8E163 /* FinancePopularChartView.swift */,
				A35A68B52CD14EB300F955A2 /* FinanceAdHeaderView.swift */,
				A35A68C62CD1FDB200F955A2 /* FinanceDefaultHeaderView.swift */,
				A35A68A72CD0E96D00F955A2 /* FinanceAdCollectionViewCell.swift */,
				A35A68B12CD1484500F955A2 /* FinanceEssentialCollectionViewCell.swift */,
				A35A68BB2CD1702400F955A2 /* FinancePaidCollectionViewCell.swift */,
				A35A68BF2CD174FF00F955A2 /* FinanceFreeCollectionViewCell.swift */,
				A37050442CD21A2D00C8E163 /* FinancePopularChartTableViewCell.swift */,
			);
			path = View;
			sourceTree = "<group>";
		};
		A35A68C42CD1778600F955A2 /* ViewController */ = {
			isa = PBXGroup;
			children = (
				A3730B0F2CD08F480075016D /* FinanceAppViewController.swift */,
				A37050402CD20FC700C8E163 /* FinancePopularChartViewController.swift */,
			);
			path = ViewController;
			sourceTree = "<group>";
		};
		A35A68C52CD1778D00F955A2 /* Model */ = {
			isa = PBXGroup;
			children = (
				A35A68A92CD0F16900F955A2 /* FinanceAdModel.swift */,
				A35A68B32CD14B4600F955A2 /* FinanceEssentialModel.swift */,
				A35A68B92CD16EFD00F955A2 /* FinancePaidModel.swift */,
				A35A68BD2CD173BF00F955A2 /* FinanceFreeModel.swift */,
				A37050462CD21C6300C8E163 /* FinancePopularModel.swift */,
				A370503E2CD20B2300C8E163 /* DownloadState.swift */,
			);
			path = Model;
			sourceTree = "<group>";
		};
		A3730B082CD089CC0075016D /* Application */ = {
			isa = PBXGroup;
			children = (
				A3042BB02CB802100012E684 /* AppDelegate.swift */,
				A3042BB22CB802100012E684 /* SceneDelegate.swift */,
			);
			path = Application;
			sourceTree = "<group>";
		};
		A3730B0A2CD089F50075016D /* Resource */ = {
			isa = PBXGroup;
			children = (
				A3730B0C2CD08E800075016D /* Extension */,
				A3042BB62CB802100012E684 /* Main.storyboard */,
				A3042BBB2CB802150012E684 /* LaunchScreen.storyboard */,
				A3042BB92CB802150012E684 /* Assets.xcassets */,
				A3042BBE2CB802150012E684 /* Info.plist */,
			);
			path = Resource;
			sourceTree = "<group>";
		};
		A3730B0B2CD08A500075016D /* Presentation */ = {
			isa = PBXGroup;
			children = (
				A35A68C12CD1776200F955A2 /* Core */,
				A35A68A52CD0BBC200F955A2 /* Menu */,
				A35A68C22CD1776F00F955A2 /* Finance */,
			);
			path = Presentation;
			sourceTree = "<group>";
		};
		A3730B0C2CD08E800075016D /* Extension */ = {
			isa = PBXGroup;
			children = (
				A3730B0D2CD08E9C0075016D /* UIView+.swift */,
				A35A68B72CD1549E00F955A2 /* UIStackView+.swift */,
			);
			path = Extension;
			sourceTree = "<group>";
		};
		A3E82F5A2CD5F1350070DDC8 /* Network */ = {
			isa = PBXGroup;
			children = (
				A3E82F632CD5F9F50070DDC8 /* Service */,
				A3E82F602CD5F93E0070DDC8 /* DTO */,
				A3E82F5C2CD5F3930070DDC8 /* Environment.swift */,
				A3E82F5E2CD5F3D20070DDC8 /* NetworkError.swift */,
				A3E82F5B2CD5F2780070DDC8 /* Config.xcconfig */,
			);
			path = Network;
			sourceTree = "<group>";
		};
		A3E82F602CD5F93E0070DDC8 /* DTO */ = {
			isa = PBXGroup;
			children = (
				A3E82F612CD5F9730070DDC8 /* UserRegisterRequest.swift */,
				A3E82F672CD5FC3E0070DDC8 /* UserLoginRequest.swift */,
			);
			path = DTO;
			sourceTree = "<group>";
		};
		A3E82F632CD5F9F50070DDC8 /* Service */ = {
			isa = PBXGroup;
			children = (
				A3E82F642CD5FA160070DDC8 /* UserRegisterService.swift */,
				A3E82F6B2CD5FF650070DDC8 /* UserLoginService.swift */,
			);
			path = Service;
			sourceTree = "<group>";
		};
/* End PBXGroup section */

/* Begin PBXNativeTarget section */
		A3042BAC2CB802100012E684 /* 35th-Sopt-Seminar */ = {
			isa = PBXNativeTarget;
			buildConfigurationList = A3042BC12CB802150012E684 /* Build configuration list for PBXNativeTarget "35th-Sopt-Seminar" */;
			buildPhases = (
				A3042BA92CB802100012E684 /* Sources */,
				A3042BAA2CB802100012E684 /* Frameworks */,
				A3042BAB2CB802100012E684 /* Resources */,
			);
			buildRules = (
			);
			dependencies = (
			);
			name = "35th-Sopt-Seminar";
			packageProductDependencies = (
				A3042BCD2CB80CD80012E684 /* SnapKit */,
				A3042BD02CB80CDF0012E684 /* Then */,
				A3E82F582CD5F1260070DDC8 /* Alamofire */,
			);
			productName = "35th-Sopt-Seminar";
			productReference = A3042BAD2CB802100012E684 /* 35th-Sopt-Seminar.app */;
			productType = "com.apple.product-type.application";
		};
/* End PBXNativeTarget section */

/* Begin PBXProject section */
		A3042BA52CB8020F0012E684 /* Project object */ = {
			isa = PBXProject;
			attributes = {
				BuildIndependentTargetsInParallel = 1;
				LastSwiftUpdateCheck = 1540;
				LastUpgradeCheck = 1540;
				TargetAttributes = {
					A3042BAC2CB802100012E684 = {
						CreatedOnToolsVersion = 15.4;
					};
				};
			};
			buildConfigurationList = A3042BA82CB8020F0012E684 /* Build configuration list for PBXProject "35th-Sopt-Seminar" */;
			compatibilityVersion = "Xcode 14.0";
			developmentRegion = en;
			hasScannedForEncodings = 0;
			knownRegions = (
				en,
				Base,
			);
			mainGroup = A3042BA42CB8020F0012E684;
			packageReferences = (
				A3042BCC2CB80CD80012E684 /* XCRemoteSwiftPackageReference "SnapKit" */,
				A3042BCF2CB80CDF0012E684 /* XCRemoteSwiftPackageReference "Then" */,
				A3E82F572CD5F1260070DDC8 /* XCRemoteSwiftPackageReference "Alamofire" */,
			);
			productRefGroup = A3042BAE2CB802100012E684 /* Products */;
			projectDirPath = "";
			projectRoot = "";
			targets = (
				A3042BAC2CB802100012E684 /* 35th-Sopt-Seminar */,
			);
		};
/* End PBXProject section */

/* Begin PBXResourcesBuildPhase section */
		A3042BAB2CB802100012E684 /* Resources */ = {
			isa = PBXResourcesBuildPhase;
			buildActionMask = 2147483647;
			files = (
				A3042BBA2CB802150012E684 /* Assets.xcassets in Resources */,
				A3042BBD2CB802150012E684 /* Base in Resources */,
				A3042BB82CB802100012E684 /* Base in Resources */,
			);
			runOnlyForDeploymentPostprocessing = 0;
		};
/* End PBXResourcesBuildPhase section */

/* Begin PBXSourcesBuildPhase section */
		A3042BA92CB802100012E684 /* Sources */ = {
			isa = PBXSourcesBuildPhase;
			buildActionMask = 2147483647;
			files = (
				A3E82F682CD5FC3E0070DDC8 /* UserLoginRequest.swift in Sources */,
				A37050432CD215A100C8E163 /* FinancePopularChartView.swift in Sources */,
				A3730B032CD085E90075016D /* GameViewController.swift in Sources */,
				A3E82F5D2CD5F3930070DDC8 /* Environment.swift in Sources */,
				A3730AFF2CD0810F0075016D /* AppViewController.swift in Sources */,
				A3730B072CD086230075016D /* SearchViewController.swift in Sources */,
				A35A68B42CD14B4600F955A2 /* FinanceEssentialModel.swift in Sources */,
				A3E82F622CD5F9730070DDC8 /* UserRegisterRequest.swift in Sources */,
				A3730B012CD085A00075016D /* TodayViewController.swift in Sources */,
				A37050452CD21A2D00C8E163 /* FinancePopularChartTableViewCell.swift in Sources */,
				A35A68C02CD174FF00F955A2 /* FinanceFreeCollectionViewCell.swift in Sources */,
				A3E82F5F2CD5F3D20070DDC8 /* NetworkError.swift in Sources */,
				A3730B052CD086090075016D /* ArcadeViewController.swift in Sources */,
				A35A68B62CD14EB300F955A2 /* FinanceAdHeaderView.swift in Sources */,
				A35A68B82CD1549E00F955A2 /* UIStackView+.swift in Sources */,
				A35A68A82CD0E96D00F955A2 /* FinanceAdCollectionViewCell.swift in Sources */,
				A37050472CD21C6300C8E163 /* FinancePopularModel.swift in Sources */,
				A35A68B22CD1484500F955A2 /* FinanceEssentialCollectionViewCell.swift in Sources */,
				A37050412CD20FC700C8E163 /* FinancePopularChartViewController.swift in Sources */,
				A3042BB12CB802100012E684 /* AppDelegate.swift in Sources */,
				A35A68AE2CD1182800F955A2 /* FinanceCompositionalFactory.swift in Sources */,
				A35A68BE2CD173BF00F955A2 /* FinanceFreeModel.swift in Sources */,
				A35A68B02CD11B7900F955A2 /* FinanceAppView.swift in Sources */,
				A3730B0E2CD08E9C0075016D /* UIView+.swift in Sources */,
				A3730AFD2CD070CF0075016D /* MainTabBarController.swift in Sources */,
				A35A68BC2CD1702400F955A2 /* FinancePaidCollectionViewCell.swift in Sources */,
				A35A68AA2CD0F16900F955A2 /* FinanceAdModel.swift in Sources */,
				A35A68C72CD1FDB200F955A2 /* FinanceDefaultHeaderView.swift in Sources */,
				A3E82F6C2CD5FF650070DDC8 /* UserLoginService.swift in Sources */,
				A3042BB32CB802100012E684 /* SceneDelegate.swift in Sources */,
				A3E82F652CD5FA160070DDC8 /* UserRegisterService.swift in Sources */,
				A3730B102CD08F480075016D /* FinanceAppViewController.swift in Sources */,
				A35A68BA2CD16EFD00F955A2 /* FinancePaidModel.swift in Sources */,
				A370503F2CD20B2300C8E163 /* DownloadState.swift in Sources */,
			);
			runOnlyForDeploymentPostprocessing = 0;
		};
/* End PBXSourcesBuildPhase section */

/* Begin PBXVariantGroup section */
		A3042BB62CB802100012E684 /* Main.storyboard */ = {
			isa = PBXVariantGroup;
			children = (
				A3042BB72CB802100012E684 /* Base */,
			);
			name = Main.storyboard;
			sourceTree = "<group>";
		};
		A3042BBB2CB802150012E684 /* LaunchScreen.storyboard */ = {
			isa = PBXVariantGroup;
			children = (
				A3042BBC2CB802150012E684 /* Base */,
			);
			name = LaunchScreen.storyboard;
			sourceTree = "<group>";
		};
/* End PBXVariantGroup section */

/* Begin XCBuildConfiguration section */
		A3042BBF2CB802150012E684 /* Debug */ = {
			isa = XCBuildConfiguration;
			baseConfigurationReference = A3E82F5B2CD5F2780070DDC8 /* Config.xcconfig */;
			buildSettings = {
				ALWAYS_SEARCH_USER_PATHS = NO;
				ASSETCATALOG_COMPILER_GENERATE_SWIFT_ASSET_SYMBOL_EXTENSIONS = YES;
				CLANG_ANALYZER_NONNULL = YES;
				CLANG_ANALYZER_NUMBER_OBJECT_CONVERSION = YES_AGGRESSIVE;
				CLANG_CXX_LANGUAGE_STANDARD = "gnu++20";
				CLANG_ENABLE_MODULES = YES;
				CLANG_ENABLE_OBJC_ARC = YES;
				CLANG_ENABLE_OBJC_WEAK = YES;
				CLANG_WARN_BLOCK_CAPTURE_AUTORELEASING = YES;
				CLANG_WARN_BOOL_CONVERSION = YES;
				CLANG_WARN_COMMA = YES;
				CLANG_WARN_CONSTANT_CONVERSION = YES;
				CLANG_WARN_DEPRECATED_OBJC_IMPLEMENTATIONS = YES;
				CLANG_WARN_DIRECT_OBJC_ISA_USAGE = YES_ERROR;
				CLANG_WARN_DOCUMENTATION_COMMENTS = YES;
				CLANG_WARN_EMPTY_BODY = YES;
				CLANG_WARN_ENUM_CONVERSION = YES;
				CLANG_WARN_INFINITE_RECURSION = YES;
				CLANG_WARN_INT_CONVERSION = YES;
				CLANG_WARN_NON_LITERAL_NULL_CONVERSION = YES;
				CLANG_WARN_OBJC_IMPLICIT_RETAIN_SELF = YES;
				CLANG_WARN_OBJC_LITERAL_CONVERSION = YES;
				CLANG_WARN_OBJC_ROOT_CLASS = YES_ERROR;
				CLANG_WARN_QUOTED_INCLUDE_IN_FRAMEWORK_HEADER = YES;
				CLANG_WARN_RANGE_LOOP_ANALYSIS = YES;
				CLANG_WARN_STRICT_PROTOTYPES = YES;
				CLANG_WARN_SUSPICIOUS_MOVE = YES;
				CLANG_WARN_UNGUARDED_AVAILABILITY = YES_AGGRESSIVE;
				CLANG_WARN_UNREACHABLE_CODE = YES;
				CLANG_WARN__DUPLICATE_METHOD_MATCH = YES;
				COPY_PHASE_STRIP = NO;
				DEBUG_INFORMATION_FORMAT = dwarf;
				ENABLE_STRICT_OBJC_MSGSEND = YES;
				ENABLE_TESTABILITY = YES;
				ENABLE_USER_SCRIPT_SANDBOXING = YES;
				GCC_C_LANGUAGE_STANDARD = gnu17;
				GCC_DYNAMIC_NO_PIC = NO;
				GCC_NO_COMMON_BLOCKS = YES;
				GCC_OPTIMIZATION_LEVEL = 0;
				GCC_PREPROCESSOR_DEFINITIONS = (
					"DEBUG=1",
					"$(inherited)",
				);
				GCC_WARN_64_TO_32_BIT_CONVERSION = YES;
				GCC_WARN_ABOUT_RETURN_TYPE = YES_ERROR;
				GCC_WARN_UNDECLARED_SELECTOR = YES;
				GCC_WARN_UNINITIALIZED_AUTOS = YES_AGGRESSIVE;
				GCC_WARN_UNUSED_FUNCTION = YES;
				GCC_WARN_UNUSED_VARIABLE = YES;
				IPHONEOS_DEPLOYMENT_TARGET = 17.5;
				LOCALIZATION_PREFERS_STRING_CATALOGS = YES;
				MTL_ENABLE_DEBUG_INFO = INCLUDE_SOURCE;
				MTL_FAST_MATH = YES;
				ONLY_ACTIVE_ARCH = YES;
				SDKROOT = iphoneos;
				SWIFT_ACTIVE_COMPILATION_CONDITIONS = "DEBUG $(inherited)";
				SWIFT_OPTIMIZATION_LEVEL = "-Onone";
			};
			name = Debug;
		};
		A3042BC02CB802150012E684 /* Release */ = {
			isa = XCBuildConfiguration;
			baseConfigurationReference = A3E82F5B2CD5F2780070DDC8 /* Config.xcconfig */;
			buildSettings = {
				ALWAYS_SEARCH_USER_PATHS = NO;
				ASSETCATALOG_COMPILER_GENERATE_SWIFT_ASSET_SYMBOL_EXTENSIONS = YES;
				CLANG_ANALYZER_NONNULL = YES;
				CLANG_ANALYZER_NUMBER_OBJECT_CONVERSION = YES_AGGRESSIVE;
				CLANG_CXX_LANGUAGE_STANDARD = "gnu++20";
				CLANG_ENABLE_MODULES = YES;
				CLANG_ENABLE_OBJC_ARC = YES;
				CLANG_ENABLE_OBJC_WEAK = YES;
				CLANG_WARN_BLOCK_CAPTURE_AUTORELEASING = YES;
				CLANG_WARN_BOOL_CONVERSION = YES;
				CLANG_WARN_COMMA = YES;
				CLANG_WARN_CONSTANT_CONVERSION = YES;
				CLANG_WARN_DEPRECATED_OBJC_IMPLEMENTATIONS = YES;
				CLANG_WARN_DIRECT_OBJC_ISA_USAGE = YES_ERROR;
				CLANG_WARN_DOCUMENTATION_COMMENTS = YES;
				CLANG_WARN_EMPTY_BODY = YES;
				CLANG_WARN_ENUM_CONVERSION = YES;
				CLANG_WARN_INFINITE_RECURSION = YES;
				CLANG_WARN_INT_CONVERSION = YES;
				CLANG_WARN_NON_LITERAL_NULL_CONVERSION = YES;
				CLANG_WARN_OBJC_IMPLICIT_RETAIN_SELF = YES;
				CLANG_WARN_OBJC_LITERAL_CONVERSION = YES;
				CLANG_WARN_OBJC_ROOT_CLASS = YES_ERROR;
				CLANG_WARN_QUOTED_INCLUDE_IN_FRAMEWORK_HEADER = YES;
				CLANG_WARN_RANGE_LOOP_ANALYSIS = YES;
				CLANG_WARN_STRICT_PROTOTYPES = YES;
				CLANG_WARN_SUSPICIOUS_MOVE = YES;
				CLANG_WARN_UNGUARDED_AVAILABILITY = YES_AGGRESSIVE;
				CLANG_WARN_UNREACHABLE_CODE = YES;
				CLANG_WARN__DUPLICATE_METHOD_MATCH = YES;
				COPY_PHASE_STRIP = NO;
				DEBUG_INFORMATION_FORMAT = "dwarf-with-dsym";
				ENABLE_NS_ASSERTIONS = NO;
				ENABLE_STRICT_OBJC_MSGSEND = YES;
				ENABLE_USER_SCRIPT_SANDBOXING = YES;
				GCC_C_LANGUAGE_STANDARD = gnu17;
				GCC_NO_COMMON_BLOCKS = YES;
				GCC_WARN_64_TO_32_BIT_CONVERSION = YES;
				GCC_WARN_ABOUT_RETURN_TYPE = YES_ERROR;
				GCC_WARN_UNDECLARED_SELECTOR = YES;
				GCC_WARN_UNINITIALIZED_AUTOS = YES_AGGRESSIVE;
				GCC_WARN_UNUSED_FUNCTION = YES;
				GCC_WARN_UNUSED_VARIABLE = YES;
				IPHONEOS_DEPLOYMENT_TARGET = 17.5;
				LOCALIZATION_PREFERS_STRING_CATALOGS = YES;
				MTL_ENABLE_DEBUG_INFO = NO;
				MTL_FAST_MATH = YES;
				SDKROOT = iphoneos;
				SWIFT_COMPILATION_MODE = wholemodule;
				VALIDATE_PRODUCT = YES;
			};
			name = Release;
		};
		A3042BC22CB802150012E684 /* Debug */ = {
			isa = XCBuildConfiguration;
			buildSettings = {
				ASSETCATALOG_COMPILER_APPICON_NAME = AppIcon;
				ASSETCATALOG_COMPILER_GLOBAL_ACCENT_COLOR_NAME = AccentColor;
				CODE_SIGN_STYLE = Automatic;
				CURRENT_PROJECT_VERSION = 1;
				DEVELOPMENT_TEAM = U4M8QWP7V2;
				GENERATE_INFOPLIST_FILE = YES;
				INFOPLIST_FILE = "35th-Sopt-Seminar/Resource/Info.plist";
				INFOPLIST_KEY_UIApplicationSupportsIndirectInputEvents = YES;
				INFOPLIST_KEY_UILaunchStoryboardName = LaunchScreen;
				INFOPLIST_KEY_UIMainStoryboardFile = Main;
				INFOPLIST_KEY_UISupportedInterfaceOrientations_iPad = "UIInterfaceOrientationPortrait UIInterfaceOrientationPortraitUpsideDown UIInterfaceOrientationLandscapeLeft UIInterfaceOrientationLandscapeRight";
				INFOPLIST_KEY_UISupportedInterfaceOrientations_iPhone = "UIInterfaceOrientationPortrait UIInterfaceOrientationLandscapeLeft UIInterfaceOrientationLandscapeRight";
				LD_RUNPATH_SEARCH_PATHS = (
					"$(inherited)",
					"@executable_path/Frameworks",
				);
				MARKETING_VERSION = 1.0;
				PRODUCT_BUNDLE_IDENTIFIER = "suyeon.-5th-Sopt-Seminar";
				PRODUCT_NAME = "$(TARGET_NAME)";
				SWIFT_EMIT_LOC_STRINGS = YES;
				SWIFT_VERSION = 5.0;
				TARGETED_DEVICE_FAMILY = "1,2";
			};
			name = Debug;
		};
		A3042BC32CB802150012E684 /* Release */ = {
			isa = XCBuildConfiguration;
			buildSettings = {
				ASSETCATALOG_COMPILER_APPICON_NAME = AppIcon;
				ASSETCATALOG_COMPILER_GLOBAL_ACCENT_COLOR_NAME = AccentColor;
				CODE_SIGN_STYLE = Automatic;
				CURRENT_PROJECT_VERSION = 1;
				DEVELOPMENT_TEAM = U4M8QWP7V2;
				GENERATE_INFOPLIST_FILE = YES;
				INFOPLIST_FILE = "35th-Sopt-Seminar/Resource/Info.plist";
				INFOPLIST_KEY_UIApplicationSupportsIndirectInputEvents = YES;
				INFOPLIST_KEY_UILaunchStoryboardName = LaunchScreen;
				INFOPLIST_KEY_UIMainStoryboardFile = Main;
				INFOPLIST_KEY_UISupportedInterfaceOrientations_iPad = "UIInterfaceOrientationPortrait UIInterfaceOrientationPortraitUpsideDown UIInterfaceOrientationLandscapeLeft UIInterfaceOrientationLandscapeRight";
				INFOPLIST_KEY_UISupportedInterfaceOrientations_iPhone = "UIInterfaceOrientationPortrait UIInterfaceOrientationLandscapeLeft UIInterfaceOrientationLandscapeRight";
				LD_RUNPATH_SEARCH_PATHS = (
					"$(inherited)",
					"@executable_path/Frameworks",
				);
				MARKETING_VERSION = 1.0;
				PRODUCT_BUNDLE_IDENTIFIER = "suyeon.-5th-Sopt-Seminar";
				PRODUCT_NAME = "$(TARGET_NAME)";
				SWIFT_EMIT_LOC_STRINGS = YES;
				SWIFT_VERSION = 5.0;
				TARGETED_DEVICE_FAMILY = "1,2";
			};
			name = Release;
		};
/* End XCBuildConfiguration section */

/* Begin XCConfigurationList section */
		A3042BA82CB8020F0012E684 /* Build configuration list for PBXProject "35th-Sopt-Seminar" */ = {
			isa = XCConfigurationList;
			buildConfigurations = (
				A3042BBF2CB802150012E684 /* Debug */,
				A3042BC02CB802150012E684 /* Release */,
			);
			defaultConfigurationIsVisible = 0;
			defaultConfigurationName = Release;
		};
		A3042BC12CB802150012E684 /* Build configuration list for PBXNativeTarget "35th-Sopt-Seminar" */ = {
			isa = XCConfigurationList;
			buildConfigurations = (
				A3042BC22CB802150012E684 /* Debug */,
				A3042BC32CB802150012E684 /* Release */,
			);
			defaultConfigurationIsVisible = 0;
			defaultConfigurationName = Release;
		};
/* End XCConfigurationList section */

/* Begin XCRemoteSwiftPackageReference section */
		A3042BCC2CB80CD80012E684 /* XCRemoteSwiftPackageReference "SnapKit" */ = {
			isa = XCRemoteSwiftPackageReference;
			repositoryURL = "https://github.com/SnapKit/SnapKit.git";
			requirement = {
				kind = upToNextMajorVersion;
				minimumVersion = 5.7.1;
			};
		};
		A3042BCF2CB80CDF0012E684 /* XCRemoteSwiftPackageReference "Then" */ = {
			isa = XCRemoteSwiftPackageReference;
			repositoryURL = "https://github.com/devxoul/Then";
			requirement = {
				kind = upToNextMajorVersion;
				minimumVersion = 3.0.0;
			};
		};
		A3E82F572CD5F1260070DDC8 /* XCRemoteSwiftPackageReference "Alamofire" */ = {
			isa = XCRemoteSwiftPackageReference;
			repositoryURL = "https://github.com/Alamofire/Alamofire";
			requirement = {
				kind = upToNextMajorVersion;
				minimumVersion = 5.10.1;
			};
		};
/* End XCRemoteSwiftPackageReference section */

/* Begin XCSwiftPackageProductDependency section */
		A3042BCD2CB80CD80012E684 /* SnapKit */ = {
			isa = XCSwiftPackageProductDependency;
			package = A3042BCC2CB80CD80012E684 /* XCRemoteSwiftPackageReference "SnapKit" */;
			productName = SnapKit;
		};
		A3042BD02CB80CDF0012E684 /* Then */ = {
			isa = XCSwiftPackageProductDependency;
			package = A3042BCF2CB80CDF0012E684 /* XCRemoteSwiftPackageReference "Then" */;
			productName = Then;
		};
		A3E82F582CD5F1260070DDC8 /* Alamofire */ = {
			isa = XCSwiftPackageProductDependency;
			package = A3E82F572CD5F1260070DDC8 /* XCRemoteSwiftPackageReference "Alamofire" */;
			productName = Alamofire;
		};
/* End XCSwiftPackageProductDependency section */
	};
	rootObject = A3042BA52CB8020F0012E684 /* Project object */;
}
